
Microsoft Visual Studio Solution File, Format Version 12.00
# Visual Studio 15
VisualStudioVersion = 15.0.27130.2026
MinimumVisualStudioVersion = 10.0.40219.1
Project("{FAE04EC0-301F-11D3-BF4B-00C04F79EFBC}") = "ContextMenuVaultApp", "VAF\ContextMenuVaultApp\ContextMenuVaultApp.csproj", "{721000F5-1A08-4E41-A594-94D7BB6F852C}"
EndProject
Project("{FAE04EC0-301F-11D3-BF4B-00C04F79EFBC}") = "Laminin", "Laminin.Security\Laminin\Laminin.csproj", "{A3733166-5ECA-4B67-8305-6B0D19269749}"
EndProject
Global
	GlobalSection(SolutionConfigurationPlatforms) = preSolution
		Cloud|Any CPU = Cloud|Any CPU
		Debug|Any CPU = Debug|Any CPU
		Release|Any CPU = Release|Any CPU
	EndGlobalSection
	GlobalSection(ProjectConfigurationPlatforms) = postSolution
		{721000F5-1A08-4E41-A594-94D7BB6F852C}.Cloud|Any CPU.ActiveCfg = Cloud|Any CPU
		{721000F5-1A08-4E41-A594-94D7BB6F852C}.Cloud|Any CPU.Build.0 = Cloud|Any CPU
		{721000F5-1A08-4E41-A594-94D7BB6F852C}.Debug|Any CPU.ActiveCfg = Debug|Any CPU
		{721000F5-1A08-4E41-A594-94D7BB6F852C}.Debug|Any CPU.Build.0 = Debug|Any CPU
		{721000F5-1A08-4E41-A594-94D7BB6F852C}.Release|Any CPU.ActiveCfg = Release|Any CPU
		{721000F5-1A08-4E41-A594-94D7BB6F852C}.Release|Any CPU.Build.0 = Release|Any CPU
		{A3733166-5ECA-4B67-8305-6B0D19269749}.Cloud|Any CPU.ActiveCfg = Release|Any CPU
		{A3733166-5ECA-4B67-8305-6B0D19269749}.Cloud|Any CPU.Build.0 = Release|Any CPU
		{A3733166-5ECA-4B67-8305-6B0D19269749}.Debug|Any CPU.ActiveCfg = Debug|Any CPU
		{A3733166-5ECA-4B67-8305-6B0D19269749}.Debug|Any CPU.Build.0 = Debug|Any CPU
		{A3733166-5ECA-4B67-8305-6B0D19269749}.Release|Any CPU.ActiveCfg = Release|Any CPU
		{A3733166-5ECA-4B67-8305-6B0D19269749}.Release|Any CPU.Build.0 = Release|Any CPU
	EndGlobalSection
	GlobalSection(SolutionProperties) = preSolution
		HideSolutionNode = FALSE
	EndGlobalSection
	GlobalSection(ExtensibilityGlobals) = postSolution
		SolutionGuid = {83F18E4D-8AEA-4EC4-8779-ABF39DF0E296}
	EndGlobalSection
EndGlobal
