
Microsoft Visual Studio Solution File, Format Version 12.00
# Visual Studio 14
VisualStudioVersion = 14.0.25420.1
MinimumVisualStudioVersion = 10.0.40219.1
Project("{00D1A9C2-B5F0-4AF3-8072-F6C62B433612}") = "LSConnect.Database", "LSConnect.Database\LSConnect.Database.sqlproj", "{AEDA33C0-C0C2-40BB-9C6F-CE3EC394B603}"
EndProject
Project("{FAE04EC0-301F-11D3-BF4B-00C04F79EFBC}") = "LSConnectMFilesAPIWrapper", "LSConnectAPIWrapper\LSConnectMFilesAPIWrapper.csproj", "{3191A7BF-C2EC-4FB6-AEC7-575180DBB17F}"
EndProject
Project("{FAE04EC0-301F-11D3-BF4B-00C04F79EFBC}") = "Wrapper_Tester", "Wrapper_Tester\Wrapper_Tester.csproj", "{CC4789A6-1C8B-49FC-976B-CEA5B655D597}"
EndProject
Global
	GlobalSection(SolutionConfigurationPlatforms) = preSolution
		Debug|Any CPU = Debug|Any CPU
		Release|Any CPU = Release|Any CPU
	EndGlobalSection
	GlobalSection(ProjectConfigurationPlatforms) = postSolution
		{AEDA33C0-C0C2-40BB-9C6F-CE3EC394B603}.Debug|Any CPU.ActiveCfg = Debug|Any CPU
		{AEDA33C0-C0C2-40BB-9C6F-CE3EC394B603}.Release|Any CPU.ActiveCfg = Release|Any CPU
		{AEDA33C0-C0C2-40BB-9C6F-CE3EC394B603}.Release|Any CPU.Build.0 = Release|Any CPU
		{AEDA33C0-C0C2-40BB-9C6F-CE3EC394B603}.Release|Any CPU.Deploy.0 = Release|Any CPU
		{3191A7BF-C2EC-4FB6-AEC7-575180DBB17F}.Debug|Any CPU.ActiveCfg = Debug|Any CPU
		{3191A7BF-C2EC-4FB6-AEC7-575180DBB17F}.Debug|Any CPU.Build.0 = Debug|Any CPU
		{3191A7BF-C2EC-4FB6-AEC7-575180DBB17F}.Release|Any CPU.ActiveCfg = Release|Any CPU
		{3191A7BF-C2EC-4FB6-AEC7-575180DBB17F}.Release|Any CPU.Build.0 = Release|Any CPU
		{CC4789A6-1C8B-49FC-976B-CEA5B655D597}.Debug|Any CPU.ActiveCfg = Debug|Any CPU
		{CC4789A6-1C8B-49FC-976B-CEA5B655D597}.Debug|Any CPU.Build.0 = Debug|Any CPU
		{CC4789A6-1C8B-49FC-976B-CEA5B655D597}.Release|Any CPU.ActiveCfg = Release|Any CPU
		{CC4789A6-1C8B-49FC-976B-CEA5B655D597}.Release|Any CPU.Build.0 = Release|Any CPU
	EndGlobalSection
	GlobalSection(SolutionProperties) = preSolution
		HideSolutionNode = FALSE
	EndGlobalSection
	GlobalSection(TeamFoundationVersionControl) = preSolution
		SccNumberOfProjects = 2
		SccEnterpriseProvider = {4CA58AB2-18FA-4F8D-95D4-32DDF27D184C}
		SccTeamFoundationServer = https://lamininsolutions.visualstudio.com/
		SccProjectUniqueName0 = LSConnect.Database\\LSConnect.Database.sqlproj
		SccAuxPath0 = https://lamininsolutions.visualstudio.com
		SccLocalPath0 = LSConnect.Database
		SccProvider0 = {4CA58AB2-18FA-4F8D-95D4-32DDF27D184C}
		SccProjectUniqueName1 = LSConnectAPIWrapper\\LSConnectMFilesAPIWrapper.csproj
		SccProjectName1 = LSConnectAPIWrapper
		SccAuxPath1 = https://lamininsolutions.visualstudio.com
		SccLocalPath1 = LSConnectAPIWrapper
		SccProvider1 = {4CA58AB2-18FA-4F8D-95D4-32DDF27D184C}
	EndGlobalSection
EndGlobal
